// !$*UTF8*$!
{
	archiveVersion = 1;
	classes = {
	};
	objectVersion = 46;
	objects = {

/* Begin PBXBuildFile section */
		034139A41EA885F9009CA4D3 /* AppDelegate.swift in Sources */ = {isa = PBXBuildFile; fileRef = 034139A31EA885F9009CA4D3 /* AppDelegate.swift */; };
		034139A91EA885F9009CA4D3 /* Main.storyboard in Resources */ = {isa = PBXBuildFile; fileRef = 034139A71EA885F9009CA4D3 /* Main.storyboard */; };
		034139AB1EA885F9009CA4D3 /* Assets.xcassets in Resources */ = {isa = PBXBuildFile; fileRef = 034139AA1EA885F9009CA4D3 /* Assets.xcassets */; };
		034139AE1EA885F9009CA4D3 /* LaunchScreen.storyboard in Resources */ = {isa = PBXBuildFile; fileRef = 034139AC1EA885F9009CA4D3 /* LaunchScreen.storyboard */; };
		034139B91EA885F9009CA4D3 /* PracticeSwiftTests.swift in Sources */ = {isa = PBXBuildFile; fileRef = 034139B81EA885F9009CA4D3 /* PracticeSwiftTests.swift */; };
		034139C41EA885F9009CA4D3 /* PracticeSwiftUITests.swift in Sources */ = {isa = PBXBuildFile; fileRef = 034139C31EA885F9009CA4D3 /* PracticeSwiftUITests.swift */; };
		034139D21EA8881F009CA4D3 /* YJMainController.swift in Sources */ = {isa = PBXBuildFile; fileRef = 034139D11EA8881F009CA4D3 /* YJMainController.swift */; };
		034139D51EA8886F009CA4D3 /* YJCommunityController.swift in Sources */ = {isa = PBXBuildFile; fileRef = 034139D41EA8886F009CA4D3 /* YJCommunityController.swift */; };
		034139D71EA88899009CA4D3 /* YJFindController.swift in Sources */ = {isa = PBXBuildFile; fileRef = 034139D61EA88899009CA4D3 /* YJFindController.swift */; };
		034139D91EA888AA009CA4D3 /* YJMineController.swift in Sources */ = {isa = PBXBuildFile; fileRef = 034139D81EA888AA009CA4D3 /* YJMineController.swift */; };
		034139DC1EA88C91009CA4D3 /* RenderModel.swift in Sources */ = {isa = PBXBuildFile; fileRef = 034139DB1EA88C91009CA4D3 /* RenderModel.swift */; };
		034139DE1EA891A3009CA4D3 /* NavigationBarConfig.swift in Sources */ = {isa = PBXBuildFile; fileRef = 034139DD1EA891A3009CA4D3 /* NavigationBarConfig.swift */; };
		034139E51EA8AB8C009CA4D3 /* YJMainTableViewCell.swift in Sources */ = {isa = PBXBuildFile; fileRef = 034139E41EA8AB8C009CA4D3 /* YJMainTableViewCell.swift */; };
		A38B19EF88E4E8A9F76FB46D /* Pods_PracticeSwift.framework in Frameworks */ = {isa = PBXBuildFile; fileRef = 82B513214B6861A26173E220 /* Pods_PracticeSwift.framework */; };
/* End PBXBuildFile section */

/* Begin PBXContainerItemProxy section */
		034139B51EA885F9009CA4D3 /* PBXContainerItemProxy */ = {
			isa = PBXContainerItemProxy;
			containerPortal = 034139981EA885F9009CA4D3 /* Project object */;
			proxyType = 1;
			remoteGlobalIDString = 0341399F1EA885F9009CA4D3;
			remoteInfo = PracticeSwift;
		};
		034139C01EA885F9009CA4D3 /* PBXContainerItemProxy */ = {
			isa = PBXContainerItemProxy;
			containerPortal = 034139981EA885F9009CA4D3 /* Project object */;
			proxyType = 1;
			remoteGlobalIDString = 0341399F1EA885F9009CA4D3;
			remoteInfo = PracticeSwift;
		};
/* End PBXContainerItemProxy section */

/* Begin PBXFileReference section */
		034139A01EA885F9009CA4D3 /* PracticeSwift.app */ = {isa = PBXFileReference; explicitFileType = wrapper.application; includeInIndex = 0; path = PracticeSwift.app; sourceTree = BUILT_PRODUCTS_DIR; };
		034139A31EA885F9009CA4D3 /* AppDelegate.swift */ = {isa = PBXFileReference; lastKnownFileType = sourcecode.swift; path = AppDelegate.swift; sourceTree = "<group>"; };
		034139A81EA885F9009CA4D3 /* Base */ = {isa = PBXFileReference; lastKnownFileType = file.storyboard; name = Base; path = Base.lproj/Main.storyboard; sourceTree = "<group>"; };
		034139AA1EA885F9009CA4D3 /* Assets.xcassets */ = {isa = PBXFileReference; lastKnownFileType = folder.assetcatalog; path = Assets.xcassets; sourceTree = "<group>"; };
		034139AD1EA885F9009CA4D3 /* Base */ = {isa = PBXFileReference; lastKnownFileType = file.storyboard; name = Base; path = Base.lproj/LaunchScreen.storyboard; sourceTree = "<group>"; };
		034139AF1EA885F9009CA4D3 /* Info.plist */ = {isa = PBXFileReference; lastKnownFileType = text.plist.xml; path = Info.plist; sourceTree = "<group>"; };
		034139B41EA885F9009CA4D3 /* PracticeSwiftTests.xctest */ = {isa = PBXFileReference; explicitFileType = wrapper.cfbundle; includeInIndex = 0; path = PracticeSwiftTests.xctest; sourceTree = BUILT_PRODUCTS_DIR; };
		034139B81EA885F9009CA4D3 /* PracticeSwiftTests.swift */ = {isa = PBXFileReference; lastKnownFileType = sourcecode.swift; path = PracticeSwiftTests.swift; sourceTree = "<group>"; };
		034139BA1EA885F9009CA4D3 /* Info.plist */ = {isa = PBXFileReference; lastKnownFileType = text.plist.xml; path = Info.plist; sourceTree = "<group>"; };
		034139BF1EA885F9009CA4D3 /* PracticeSwiftUITests.xctest */ = {isa = PBXFileReference; explicitFileType = wrapper.cfbundle; includeInIndex = 0; path = PracticeSwiftUITests.xctest; sourceTree = BUILT_PRODUCTS_DIR; };
		034139C31EA885F9009CA4D3 /* PracticeSwiftUITests.swift */ = {isa = PBXFileReference; lastKnownFileType = sourcecode.swift; path = PracticeSwiftUITests.swift; sourceTree = "<group>"; };
		034139C51EA885F9009CA4D3 /* Info.plist */ = {isa = PBXFileReference; lastKnownFileType = text.plist.xml; path = Info.plist; sourceTree = "<group>"; };
		034139D11EA8881F009CA4D3 /* YJMainController.swift */ = {isa = PBXFileReference; fileEncoding = 4; lastKnownFileType = sourcecode.swift; path = YJMainController.swift; sourceTree = "<group>"; };
		034139D41EA8886F009CA4D3 /* YJCommunityController.swift */ = {isa = PBXFileReference; fileEncoding = 4; lastKnownFileType = sourcecode.swift; path = YJCommunityController.swift; sourceTree = "<group>"; };
		034139D61EA88899009CA4D3 /* YJFindController.swift */ = {isa = PBXFileReference; fileEncoding = 4; lastKnownFileType = sourcecode.swift; path = YJFindController.swift; sourceTree = "<group>"; };
		034139D81EA888AA009CA4D3 /* YJMineController.swift */ = {isa = PBXFileReference; fileEncoding = 4; lastKnownFileType = sourcecode.swift; path = YJMineController.swift; sourceTree = "<group>"; };
		034139DB1EA88C91009CA4D3 /* RenderModel.swift */ = {isa = PBXFileReference; fileEncoding = 4; lastKnownFileType = sourcecode.swift; path = RenderModel.swift; sourceTree = "<group>"; };
		034139DD1EA891A3009CA4D3 /* NavigationBarConfig.swift */ = {isa = PBXFileReference; fileEncoding = 4; lastKnownFileType = sourcecode.swift; path = NavigationBarConfig.swift; sourceTree = "<group>"; };
		034139E41EA8AB8C009CA4D3 /* YJMainTableViewCell.swift */ = {isa = PBXFileReference; fileEncoding = 4; lastKnownFileType = sourcecode.swift; path = YJMainTableViewCell.swift; sourceTree = "<group>"; };
		5898A38D09F5FA539BD065DE /* Pods-PracticeSwift.release.xcconfig */ = {isa = PBXFileReference; includeInIndex = 1; lastKnownFileType = text.xcconfig; name = "Pods-PracticeSwift.release.xcconfig"; path = "Pods/Target Support Files/Pods-PracticeSwift/Pods-PracticeSwift.release.xcconfig"; sourceTree = "<group>"; };
		82B513214B6861A26173E220 /* Pods_PracticeSwift.framework */ = {isa = PBXFileReference; explicitFileType = wrapper.framework; includeInIndex = 0; path = Pods_PracticeSwift.framework; sourceTree = BUILT_PRODUCTS_DIR; };
		FB776D85A9115DE12EFE906E /* Pods-PracticeSwift.debug.xcconfig */ = {isa = PBXFileReference; includeInIndex = 1; lastKnownFileType = text.xcconfig; name = "Pods-PracticeSwift.debug.xcconfig"; path = "Pods/Target Support Files/Pods-PracticeSwift/Pods-PracticeSwift.debug.xcconfig"; sourceTree = "<group>"; };
/* End PBXFileReference section */

/* Begin PBXFrameworksBuildPhase section */
		0341399D1EA885F9009CA4D3 /* Frameworks */ = {
			isa = PBXFrameworksBuildPhase;
			buildActionMask = 2147483647;
			files = (
				A38B19EF88E4E8A9F76FB46D /* Pods_PracticeSwift.framework in Frameworks */,
			);
			runOnlyForDeploymentPostprocessing = 0;
		};
		034139B11EA885F9009CA4D3 /* Frameworks */ = {
			isa = PBXFrameworksBuildPhase;
			buildActionMask = 2147483647;
			files = (
			);
			runOnlyForDeploymentPostprocessing = 0;
		};
		034139BC1EA885F9009CA4D3 /* Frameworks */ = {
			isa = PBXFrameworksBuildPhase;
			buildActionMask = 2147483647;
			files = (
			);
			runOnlyForDeploymentPostprocessing = 0;
		};
/* End PBXFrameworksBuildPhase section */

/* Begin PBXGroup section */
		034139971EA885F9009CA4D3 = {
			isa = PBXGroup;
			children = (
				034139A21EA885F9009CA4D3 /* PracticeSwift */,
				034139B71EA885F9009CA4D3 /* PracticeSwiftTests */,
				034139C21EA885F9009CA4D3 /* PracticeSwiftUITests */,
				034139A11EA885F9009CA4D3 /* Products */,
				034139D31EA8882D009CA4D3 /* SupportFiles */,
				DC35D2A50E9290B19B3D1324 /* Pods */,
				8845CB5BE1292E7A033386D8 /* Frameworks */,
			);
			sourceTree = "<group>";
		};
		034139A11EA885F9009CA4D3 /* Products */ = {
			isa = PBXGroup;
			children = (
				034139A01EA885F9009CA4D3 /* PracticeSwift.app */,
				034139B41EA885F9009CA4D3 /* PracticeSwiftTests.xctest */,
				034139BF1EA885F9009CA4D3 /* PracticeSwiftUITests.xctest */,
			);
			name = Products;
			sourceTree = "<group>";
		};
		034139A21EA885F9009CA4D3 /* PracticeSwift */ = {
			isa = PBXGroup;
			children = (
				034139DA1EA88C47009CA4D3 /* Common */,
				034139E11EA89AA1009CA4D3 /* Community */,
				034139E21EA89AAE009CA4D3 /* Find */,
				034139E01EA89A9B009CA4D3 /* Main */,
				034139E31EA89AB4009CA4D3 /* Mine */,
			);
			path = PracticeSwift;
			sourceTree = "<group>";
		};
		034139B71EA885F9009CA4D3 /* PracticeSwiftTests */ = {
			isa = PBXGroup;
			children = (
				034139BA1EA885F9009CA4D3 /* Info.plist */,
				034139B81EA885F9009CA4D3 /* PracticeSwiftTests.swift */,
			);
			path = PracticeSwiftTests;
			sourceTree = "<group>";
		};
		034139C21EA885F9009CA4D3 /* PracticeSwiftUITests */ = {
			isa = PBXGroup;
			children = (
				034139C51EA885F9009CA4D3 /* Info.plist */,
				034139C31EA885F9009CA4D3 /* PracticeSwiftUITests.swift */,
			);
			path = PracticeSwiftUITests;
			sourceTree = "<group>";
		};
		034139D31EA8882D009CA4D3 /* SupportFiles */ = {
			isa = PBXGroup;
			children = (
				034139A31EA885F9009CA4D3 /* AppDelegate.swift */,
				034139AA1EA885F9009CA4D3 /* Assets.xcassets */,
				034139AF1EA885F9009CA4D3 /* Info.plist */,
				034139AC1EA885F9009CA4D3 /* LaunchScreen.storyboard */,
				034139A71EA885F9009CA4D3 /* Main.storyboard */,
			);
			path = SupportFiles;
			sourceTree = "<group>";
		};
		034139DA1EA88C47009CA4D3 /* Common */ = {
			isa = PBXGroup;
			children = (
				034139DD1EA891A3009CA4D3 /* NavigationBarConfig.swift */,
				034139DB1EA88C91009CA4D3 /* RenderModel.swift */,
			);
			path = Common;
			sourceTree = "<group>";
		};
		034139E01EA89A9B009CA4D3 /* Main */ = {
			isa = PBXGroup;
			children = (
				034139D11EA8881F009CA4D3 /* YJMainController.swift */,
				034139E41EA8AB8C009CA4D3 /* YJMainTableViewCell.swift */,
			);
			path = Main;
			sourceTree = "<group>";
		};
		034139E11EA89AA1009CA4D3 /* Community */ = {
			isa = PBXGroup;
			children = (
				034139D41EA8886F009CA4D3 /* YJCommunityController.swift */,
			);
			path = Community;
			sourceTree = "<group>";
		};
		034139E21EA89AAE009CA4D3 /* Find */ = {
			isa = PBXGroup;
			children = (
				034139D61EA88899009CA4D3 /* YJFindController.swift */,
			);
			path = Find;
			sourceTree = "<group>";
		};
		034139E31EA89AB4009CA4D3 /* Mine */ = {
			isa = PBXGroup;
			children = (
				034139D81EA888AA009CA4D3 /* YJMineController.swift */,
			);
			path = Mine;
			sourceTree = "<group>";
		};
		8845CB5BE1292E7A033386D8 /* Frameworks */ = {
			isa = PBXGroup;
			children = (
				82B513214B6861A26173E220 /* Pods_PracticeSwift.framework */,
			);
			name = Frameworks;
			sourceTree = "<group>";
		};
		DC35D2A50E9290B19B3D1324 /* Pods */ = {
			isa = PBXGroup;
			children = (
				FB776D85A9115DE12EFE906E /* Pods-PracticeSwift.debug.xcconfig */,
				5898A38D09F5FA539BD065DE /* Pods-PracticeSwift.release.xcconfig */,
			);
			name = Pods;
			sourceTree = "<group>";
		};
/* End PBXGroup section */

/* Begin PBXNativeTarget section */
		0341399F1EA885F9009CA4D3 /* PracticeSwift */ = {
			isa = PBXNativeTarget;
			buildConfigurationList = 034139C81EA885F9009CA4D3 /* Build configuration list for PBXNativeTarget "PracticeSwift" */;
			buildPhases = (
				AD935E775464D136602838EC /* [CP] Check Pods Manifest.lock */,
				0341399C1EA885F9009CA4D3 /* Sources */,
				0341399D1EA885F9009CA4D3 /* Frameworks */,
				0341399E1EA885F9009CA4D3 /* Resources */,
				B6E6DE0BE4D03E6E78979D2B /* [CP] Embed Pods Frameworks */,
				66D619D9B7563A76CD40B26F /* [CP] Copy Pods Resources */,
			);
			buildRules = (
			);
			dependencies = (
			);
			name = PracticeSwift;
			productName = PracticeSwift;
			productReference = 034139A01EA885F9009CA4D3 /* PracticeSwift.app */;
			productType = "com.apple.product-type.application";
		};
		034139B31EA885F9009CA4D3 /* PracticeSwiftTests */ = {
			isa = PBXNativeTarget;
			buildConfigurationList = 034139CB1EA885F9009CA4D3 /* Build configuration list for PBXNativeTarget "PracticeSwiftTests" */;
			buildPhases = (
				034139B01EA885F9009CA4D3 /* Sources */,
				034139B11EA885F9009CA4D3 /* Frameworks */,
				034139B21EA885F9009CA4D3 /* Resources */,
			);
			buildRules = (
			);
			dependencies = (
				034139B61EA885F9009CA4D3 /* PBXTargetDependency */,
			);
			name = PracticeSwiftTests;
			productName = PracticeSwiftTests;
			productReference = 034139B41EA885F9009CA4D3 /* PracticeSwiftTests.xctest */;
			productType = "com.apple.product-type.bundle.unit-test";
		};
		034139BE1EA885F9009CA4D3 /* PracticeSwiftUITests */ = {
			isa = PBXNativeTarget;
			buildConfigurationList = 034139CE1EA885F9009CA4D3 /* Build configuration list for PBXNativeTarget "PracticeSwiftUITests" */;
			buildPhases = (
				034139BB1EA885F9009CA4D3 /* Sources */,
				034139BC1EA885F9009CA4D3 /* Frameworks */,
				034139BD1EA885F9009CA4D3 /* Resources */,
			);
			buildRules = (
			);
			dependencies = (
				034139C11EA885F9009CA4D3 /* PBXTargetDependency */,
			);
			name = PracticeSwiftUITests;
			productName = PracticeSwiftUITests;
			productReference = 034139BF1EA885F9009CA4D3 /* PracticeSwiftUITests.xctest */;
			productType = "com.apple.product-type.bundle.ui-testing";
		};
/* End PBXNativeTarget section */

/* Begin PBXProject section */
		034139981EA885F9009CA4D3 /* Project object */ = {
			isa = PBXProject;
			attributes = {
				LastSwiftUpdateCheck = 0830;
				LastUpgradeCheck = 0830;
				ORGANIZATIONNAME = "谁动了我的wifi";
				TargetAttributes = {
					0341399F1EA885F9009CA4D3 = {
						CreatedOnToolsVersion = 8.3.2;
						ProvisioningStyle = Automatic;
					};
					034139B31EA885F9009CA4D3 = {
						CreatedOnToolsVersion = 8.3.2;
						ProvisioningStyle = Automatic;
						TestTargetID = 0341399F1EA885F9009CA4D3;
					};
					034139BE1EA885F9009CA4D3 = {
						CreatedOnToolsVersion = 8.3.2;
						ProvisioningStyle = Automatic;
						TestTargetID = 0341399F1EA885F9009CA4D3;
					};
				};
			};
			buildConfigurationList = 0341399B1EA885F9009CA4D3 /* Build configuration list for PBXProject "PracticeSwift" */;
			compatibilityVersion = "Xcode 3.2";
			developmentRegion = English;
			hasScannedForEncodings = 0;
			knownRegions = (
				en,
				Base,
			);
			mainGroup = 034139971EA885F9009CA4D3;
			productRefGroup = 034139A11EA885F9009CA4D3 /* Products */;
			projectDirPath = "";
			projectRoot = "";
			targets = (
				0341399F1EA885F9009CA4D3 /* PracticeSwift */,
				034139B31EA885F9009CA4D3 /* PracticeSwiftTests */,
				034139BE1EA885F9009CA4D3 /* PracticeSwiftUITests */,
			);
		};
/* End PBXProject section */

/* Begin PBXResourcesBuildPhase section */
		0341399E1EA885F9009CA4D3 /* Resources */ = {
			isa = PBXResourcesBuildPhase;
			buildActionMask = 2147483647;
			files = (
				034139AE1EA885F9009CA4D3 /* LaunchScreen.storyboard in Resources */,
				034139AB1EA885F9009CA4D3 /* Assets.xcassets in Resources */,
				034139A91EA885F9009CA4D3 /* Main.storyboard in Resources */,
			);
			runOnlyForDeploymentPostprocessing = 0;
		};
		034139B21EA885F9009CA4D3 /* Resources */ = {
			isa = PBXResourcesBuildPhase;
			buildActionMask = 2147483647;
			files = (
			);
			runOnlyForDeploymentPostprocessing = 0;
		};
		034139BD1EA885F9009CA4D3 /* Resources */ = {
			isa = PBXResourcesBuildPhase;
			buildActionMask = 2147483647;
			files = (
			);
			runOnlyForDeploymentPostprocessing = 0;
		};
/* End PBXResourcesBuildPhase section */

/* Begin PBXShellScriptBuildPhase section */
		66D619D9B7563A76CD40B26F /* [CP] Copy Pods Resources */ = {
			isa = PBXShellScriptBuildPhase;
			buildActionMask = 2147483647;
			files = (
			);
			inputPaths = (
			);
			name = "[CP] Copy Pods Resources";
			outputPaths = (
			);
			runOnlyForDeploymentPostprocessing = 0;
			shellPath = /bin/sh;
			shellScript = "\"${SRCROOT}/Pods/Target Support Files/Pods-PracticeSwift/Pods-PracticeSwift-resources.sh\"\n";
			showEnvVarsInLog = 0;
		};
		AD935E775464D136602838EC /* [CP] Check Pods Manifest.lock */ = {
			isa = PBXShellScriptBuildPhase;
			buildActionMask = 2147483647;
			files = (
			);
			inputPaths = (
			);
			name = "[CP] Check Pods Manifest.lock";
			outputPaths = (
			);
			runOnlyForDeploymentPostprocessing = 0;
			shellPath = /bin/sh;
			shellScript = "diff \"${PODS_ROOT}/../Podfile.lock\" \"${PODS_ROOT}/Manifest.lock\" > /dev/null\nif [ $? != 0 ] ; then\n    # print error to STDERR\n    echo \"error: The sandbox is not in sync with the Podfile.lock. Run 'pod install' or update your CocoaPods installation.\" >&2\n    exit 1\nfi\n";
			showEnvVarsInLog = 0;
		};
		B6E6DE0BE4D03E6E78979D2B /* [CP] Embed Pods Frameworks */ = {
			isa = PBXShellScriptBuildPhase;
			buildActionMask = 2147483647;
			files = (
			);
			inputPaths = (
			);
			name = "[CP] Embed Pods Frameworks";
			outputPaths = (
			);
			runOnlyForDeploymentPostprocessing = 0;
			shellPath = /bin/sh;
			shellScript = "\"${SRCROOT}/Pods/Target Support Files/Pods-PracticeSwift/Pods-PracticeSwift-frameworks.sh\"\n";
			showEnvVarsInLog = 0;
		};
/* End PBXShellScriptBuildPhase section */

/* Begin PBXSourcesBuildPhase section */
		0341399C1EA885F9009CA4D3 /* Sources */ = {
			isa = PBXSourcesBuildPhase;
			buildActionMask = 2147483647;
			files = (
				034139DE1EA891A3009CA4D3 /* NavigationBarConfig.swift in Sources */,
				034139A41EA885F9009CA4D3 /* AppDelegate.swift in Sources */,
				034139D71EA88899009CA4D3 /* YJFindController.swift in Sources */,
				034139D51EA8886F009CA4D3 /* YJCommunityController.swift in Sources */,
				034139DC1EA88C91009CA4D3 /* RenderModel.swift in Sources */,
				034139D91EA888AA009CA4D3 /* YJMineController.swift in Sources */,
				034139D21EA8881F009CA4D3 /* YJMainController.swift in Sources */,
				034139E51EA8AB8C009CA4D3 /* YJMainTableViewCell.swift in Sources */,
			);
			runOnlyForDeploymentPostprocessing = 0;
		};
		034139B01EA885F9009CA4D3 /* Sources */ = {
			isa = PBXSourcesBuildPhase;
			buildActionMask = 2147483647;
			files = (
				034139B91EA885F9009CA4D3 /* PracticeSwiftTests.swift in Sources */,
			);
			runOnlyForDeploymentPostprocessing = 0;
		};
		034139BB1EA885F9009CA4D3 /* Sources */ = {
			isa = PBXSourcesBuildPhase;
			buildActionMask = 2147483647;
			files = (
				034139C41EA885F9009CA4D3 /* PracticeSwiftUITests.swift in Sources */,
			);
			runOnlyForDeploymentPostprocessing = 0;
		};
/* End PBXSourcesBuildPhase section */

/* Begin PBXTargetDependency section */
		034139B61EA885F9009CA4D3 /* PBXTargetDependency */ = {
			isa = PBXTargetDependency;
			target = 0341399F1EA885F9009CA4D3 /* PracticeSwift */;
			targetProxy = 034139B51EA885F9009CA4D3 /* PBXContainerItemProxy */;
		};
		034139C11EA885F9009CA4D3 /* PBXTargetDependency */ = {
			isa = PBXTargetDependency;
			target = 0341399F1EA885F9009CA4D3 /* PracticeSwift */;
			targetProxy = 034139C01EA885F9009CA4D3 /* PBXContainerItemProxy */;
		};
/* End PBXTargetDependency section */

/* Begin PBXVariantGroup section */
		034139A71EA885F9009CA4D3 /* Main.storyboard */ = {
			isa = PBXVariantGroup;
			children = (
				034139A81EA885F9009CA4D3 /* Base */,
			);
			name = Main.storyboard;
			path = .;
			sourceTree = "<group>";
		};
		034139AC1EA885F9009CA4D3 /* LaunchScreen.storyboard */ = {
			isa = PBXVariantGroup;
			children = (
				034139AD1EA885F9009CA4D3 /* Base */,
			);
			name = LaunchScreen.storyboard;
			path = .;
			sourceTree = "<group>";
		};
/* End PBXVariantGroup section */

/* Begin XCBuildConfiguration section */
		034139C61EA885F9009CA4D3 /* Debug */ = {
			isa = XCBuildConfiguration;
			buildSettings = {
				ALWAYS_SEARCH_USER_PATHS = NO;
				CLANG_ANALYZER_NONNULL = YES;
				CLANG_ANALYZER_NUMBER_OBJECT_CONVERSION = YES_AGGRESSIVE;
				CLANG_CXX_LANGUAGE_STANDARD = "gnu++0x";
				CLANG_CXX_LIBRARY = "libc++";
				CLANG_ENABLE_MODULES = YES;
				CLANG_ENABLE_OBJC_ARC = YES;
				CLANG_WARN_BOOL_CONVERSION = YES;
				CLANG_WARN_CONSTANT_CONVERSION = YES;
				CLANG_WARN_DIRECT_OBJC_ISA_USAGE = YES_ERROR;
				CLANG_WARN_DOCUMENTATION_COMMENTS = YES;
				CLANG_WARN_EMPTY_BODY = YES;
				CLANG_WARN_ENUM_CONVERSION = YES;
				CLANG_WARN_INFINITE_RECURSION = YES;
				CLANG_WARN_INT_CONVERSION = YES;
				CLANG_WARN_OBJC_ROOT_CLASS = YES_ERROR;
				CLANG_WARN_SUSPICIOUS_MOVE = YES;
				CLANG_WARN_UNREACHABLE_CODE = YES;
				CLANG_WARN__DUPLICATE_METHOD_MATCH = YES;
				"CODE_SIGN_IDENTITY[sdk=iphoneos*]" = "iPhone Developer";
				COPY_PHASE_STRIP = NO;
				DEBUG_INFORMATION_FORMAT = dwarf;
				ENABLE_STRICT_OBJC_MSGSEND = YES;
				ENABLE_TESTABILITY = YES;
				GCC_C_LANGUAGE_STANDARD = gnu99;
				GCC_DYNAMIC_NO_PIC = NO;
				GCC_NO_COMMON_BLOCKS = YES;
				GCC_OPTIMIZATION_LEVEL = 0;
				GCC_PREPROCESSOR_DEFINITIONS = (
					"DEBUG=1",
					"$(inherited)",
				);
				GCC_WARN_64_TO_32_BIT_CONVERSION = YES;
				GCC_WARN_ABOUT_RETURN_TYPE = YES_ERROR;
				GCC_WARN_UNDECLARED_SELECTOR = YES;
				GCC_WARN_UNINITIALIZED_AUTOS = YES_AGGRESSIVE;
				GCC_WARN_UNUSED_FUNCTION = YES;
				GCC_WARN_UNUSED_VARIABLE = YES;
				IPHONEOS_DEPLOYMENT_TARGET = 10.3;
				MTL_ENABLE_DEBUG_INFO = YES;
				ONLY_ACTIVE_ARCH = YES;
				SDKROOT = iphoneos;
				SWIFT_ACTIVE_COMPILATION_CONDITIONS = DEBUG;
				SWIFT_OPTIMIZATION_LEVEL = "-Onone";
			};
			name = Debug;
		};
		034139C71EA885F9009CA4D3 /* Release */ = {
			isa = XCBuildConfiguration;
			buildSettings = {
				ALWAYS_SEARCH_USER_PATHS = NO;
				CLANG_ANALYZER_NONNULL = YES;
				CLANG_ANALYZER_NUMBER_OBJECT_CONVERSION = YES_AGGRESSIVE;
				CLANG_CXX_LANGUAGE_STANDARD = "gnu++0x";
				CLANG_CXX_LIBRARY = "libc++";
				CLANG_ENABLE_MODULES = YES;
				CLANG_ENABLE_OBJC_ARC = YES;
				CLANG_WARN_BOOL_CONVERSION = YES;
				CLANG_WARN_CONSTANT_CONVERSION = YES;
				CLANG_WARN_DIRECT_OBJC_ISA_USAGE = YES_ERROR;
				CLANG_WARN_DOCUMENTATION_COMMENTS = YES;
				CLANG_WARN_EMPTY_BODY = YES;
				CLANG_WARN_ENUM_CONVERSION = YES;
				CLANG_WARN_INFINITE_RECURSION = YES;
				CLANG_WARN_INT_CONVERSION = YES;
				CLANG_WARN_OBJC_ROOT_CLASS = YES_ERROR;
				CLANG_WARN_SUSPICIOUS_MOVE = YES;
				CLANG_WARN_UNREACHABLE_CODE = YES;
				CLANG_WARN__DUPLICATE_METHOD_MATCH = YES;
				"CODE_SIGN_IDENTITY[sdk=iphoneos*]" = "iPhone Developer";
				COPY_PHASE_STRIP = NO;
				DEBUG_INFORMATION_FORMAT = "dwarf-with-dsym";
				ENABLE_NS_ASSERTIONS = NO;
				ENABLE_STRICT_OBJC_MSGSEND = YES;
				GCC_C_LANGUAGE_STANDARD = gnu99;
				GCC_NO_COMMON_BLOCKS = YES;
				GCC_WARN_64_TO_32_BIT_CONVERSION = YES;
				GCC_WARN_ABOUT_RETURN_TYPE = YES_ERROR;
				GCC_WARN_UNDECLARED_SELECTOR = YES;
				GCC_WARN_UNINITIALIZED_AUTOS = YES_AGGRESSIVE;
				GCC_WARN_UNUSED_FUNCTION = YES;
				GCC_WARN_UNUSED_VARIABLE = YES;
				IPHONEOS_DEPLOYMENT_TARGET = 10.3;
				MTL_ENABLE_DEBUG_INFO = NO;
				SDKROOT = iphoneos;
				SWIFT_OPTIMIZATION_LEVEL = "-Owholemodule";
				VALIDATE_PRODUCT = YES;
			};
			name = Release;
		};
		034139C91EA885F9009CA4D3 /* Debug */ = {
			isa = XCBuildConfiguration;
			baseConfigurationReference = FB776D85A9115DE12EFE906E /* Pods-PracticeSwift.debug.xcconfig */;
			buildSettings = {
				ASSETCATALOG_COMPILER_APPICON_NAME = AppIcon;
				INFOPLIST_FILE = SupportFiles/Info.plist;
				LD_RUNPATH_SEARCH_PATHS = "$(inherited) @executable_path/Frameworks";
				PRODUCT_BUNDLE_IDENTIFIER = com.personal.PracticeSwift;
				PRODUCT_NAME = "$(TARGET_NAME)";
				SWIFT_VERSION = 3.0;
			};
			name = Debug;
		};
		034139CA1EA885F9009CA4D3 /* Release */ = {
			isa = XCBuildConfiguration;
			baseConfigurationReference = 5898A38D09F5FA539BD065DE /* Pods-PracticeSwift.release.xcconfig */;
			buildSettings = {
				ASSETCATALOG_COMPILER_APPICON_NAME = AppIcon;
				INFOPLIST_FILE = SupportFiles/Info.plist;
				LD_RUNPATH_SEARCH_PATHS = "$(inherited) @executable_path/Frameworks";
				PRODUCT_BUNDLE_IDENTIFIER = com.personal.PracticeSwift;
				PRODUCT_NAME = "$(TARGET_NAME)";
				SWIFT_VERSION = 3.0;
			};
			name = Release;
		};
		034139CC1EA885F9009CA4D3 /* Debug */ = {
			isa = XCBuildConfiguration;
			buildSettings = {
				ALWAYS_EMBED_SWIFT_STANDARD_LIBRARIES = YES;
				BUNDLE_LOADER = "$(TEST_HOST)";
				INFOPLIST_FILE = PracticeSwiftTests/Info.plist;
				LD_RUNPATH_SEARCH_PATHS = "$(inherited) @executable_path/Frameworks @loader_path/Frameworks";
				PRODUCT_BUNDLE_IDENTIFIER = com.personal.PracticeSwiftTests;
				PRODUCT_NAME = "$(TARGET_NAME)";
				SWIFT_VERSION = 3.0;
				TEST_HOST = "$(BUILT_PRODUCTS_DIR)/PracticeSwift.app/PracticeSwift";
			};
			name = Debug;
		};
		034139CD1EA885F9009CA4D3 /* Release */ = {
			isa = XCBuildConfiguration;
			buildSettings = {
				ALWAYS_EMBED_SWIFT_STANDARD_LIBRARIES = YES;
				BUNDLE_LOADER = "$(TEST_HOST)";
				INFOPLIST_FILE = PracticeSwiftTests/Info.plist;
				LD_RUNPATH_SEARCH_PATHS = "$(inherited) @executable_path/Frameworks @loader_path/Frameworks";
				PRODUCT_BUNDLE_IDENTIFIER = com.personal.PracticeSwiftTests;
				PRODUCT_NAME = "$(TARGET_NAME)";
				SWIFT_VERSION = 3.0;
				TEST_HOST = "$(BUILT_PRODUCTS_DIR)/PracticeSwift.app/PracticeSwift";
			};
			name = Release;
		};
		034139CF1EA885F9009CA4D3 /* Debug */ = {
			isa = XCBuildConfiguration;
			buildSettings = {
				ALWAYS_EMBED_SWIFT_STANDARD_LIBRARIES = YES;
				INFOPLIST_FILE = PracticeSwiftUITests/Info.plist;
				LD_RUNPATH_SEARCH_PATHS = "$(inherited) @executable_path/Frameworks @loader_path/Frameworks";
				PRODUCT_BUNDLE_IDENTIFIER = com.personal.PracticeSwiftUITests;
				PRODUCT_NAME = "$(TARGET_NAME)";
				SWIFT_VERSION = 3.0;
				TEST_TARGET_NAME = PracticeSwift;
			};
			name = Debug;
		};
		034139D01EA885F9009CA4D3 /* Release */ = {
			isa = XCBuildConfiguration;
			buildSettings = {
				ALWAYS_EMBED_SWIFT_STANDARD_LIBRARIES = YES;
				INFOPLIST_FILE = PracticeSwiftUITests/Info.plist;
				LD_RUNPATH_SEARCH_PATHS = "$(inherited) @executable_path/Frameworks @loader_path/Frameworks";
				PRODUCT_BUNDLE_IDENTIFIER = com.personal.PracticeSwiftUITests;
				PRODUCT_NAME = "$(TARGET_NAME)";
				SWIFT_VERSION = 3.0;
				TEST_TARGET_NAME = PracticeSwift;
			};
			name = Release;
		};
/* End XCBuildConfiguration section */

/* Begin XCConfigurationList section */
		0341399B1EA885F9009CA4D3 /* Build configuration list for PBXProject "PracticeSwift" */ = {
			isa = XCConfigurationList;
			buildConfigurations = (
				034139C61EA885F9009CA4D3 /* Debug */,
				034139C71EA885F9009CA4D3 /* Release */,
			);
			defaultConfigurationIsVisible = 0;
			defaultConfigurationName = Release;
		};
		034139C81EA885F9009CA4D3 /* Build configuration list for PBXNativeTarget "PracticeSwift" */ = {
			isa = XCConfigurationList;
			buildConfigurations = (
				034139C91EA885F9009CA4D3 /* Debug */,
				034139CA1EA885F9009CA4D3 /* Release */,
			);
			defaultConfigurationIsVisible = 0;
			defaultConfigurationName = Release;
		};
		034139CB1EA885F9009CA4D3 /* Build configuration list for PBXNativeTarget "PracticeSwiftTests" */ = {
			isa = XCConfigurationList;
			buildConfigurations = (
				034139CC1EA885F9009CA4D3 /* Debug */,
				034139CD1EA885F9009CA4D3 /* Release */,
			);
			defaultConfigurationIsVisible = 0;
			defaultConfigurationName = Release;
		};
		034139CE1EA885F9009CA4D3 /* Build configuration list for PBXNativeTarget "PracticeSwiftUITests" */ = {
			isa = XCConfigurationList;
			buildConfigurations = (
				034139CF1EA885F9009CA4D3 /* Debug */,
				034139D01EA885F9009CA4D3 /* Release */,
			);
			defaultConfigurationIsVisible = 0;
			defaultConfigurationName = Release;
		};
/* End XCConfigurationList section */
	};
	rootObject = 034139981EA885F9009CA4D3 /* Project object */;
}
