// !$*UTF8*$!
{
	archiveVersion = 1;
	classes = {
	};
	objectVersion = 46;
	objects = {

/* Begin PBXBuildFile section */
		034139A41EA885F9009CA4D3 /* AppDelegate.swift in Sources */ = {isa = PBXBuildFile; fileRef = 034139A31EA885F9009CA4D3 /* AppDelegate.swift */; };
		034139A61EA885F9009CA4D3 /* ViewController.swift in Sources */ = {isa = PBXBuildFile; fileRef = 034139A51EA885F9009CA4D3 /* ViewController.swift */; };
		034139A91EA885F9009CA4D3 /* Main.storyboard in Resources */ = {isa = PBXBuildFile; fileRef = 034139A71EA885F9009CA4D3 /* Main.storyboard */; };
		034139AB1EA885F9009CA4D3 /* Assets.xcassets in Resources */ = {isa = PBXBuildFile; fileRef = 034139AA1EA885F9009CA4D3 /* Assets.xcassets */; };
		034139AE1EA885F9009CA4D3 /* LaunchScreen.storyboard in Resources */ = {isa = PBXBuildFile; fileRef = 034139AC1EA885F9009CA4D3 /* LaunchScreen.storyboard */; };
		034139B91EA885F9009CA4D3 /* PracticeSwiftTests.swift in Sources */ = {isa = PBXBuildFile; fileRef = 034139B81EA885F9009CA4D3 /* PracticeSwiftTests.swift */; };
		034139C41EA885F9009CA4D3 /* PracticeSwiftUITests.swift in Sources */ = {isa = PBXBuildFile; fileRef = 034139C31EA885F9009CA4D3 /* PracticeSwiftUITests.swift */; };
/* End PBXBuildFile section */

/* Begin PBXContainerItemProxy section */
		034139B51EA885F9009CA4D3 /* PBXContainerItemProxy */ = {
			isa = PBXContainerItemProxy;
			containerPortal = 034139981EA885F9009CA4D3 /* Project object */;
			proxyType = 1;
			remoteGlobalIDString = 0341399F1EA885F9009CA4D3;
			remoteInfo = PracticeSwift;
		};
		034139C01EA885F9009CA4D3 /* PBXContainerItemProxy */ = {
			isa = PBXContainerItemProxy;
			containerPortal = 034139981EA885F9009CA4D3 /* Project object */;
			proxyType = 1;
			remoteGlobalIDString = 0341399F1EA885F9009CA4D3;
			remoteInfo = PracticeSwift;
		};
/* End PBXContainerItemProxy section */

/* Begin PBXFileReference section */
		034139A01EA885F9009CA4D3 /* PracticeSwift.app */ = {isa = PBXFileReference; explicitFileType = wrapper.application; includeInIndex = 0; path = PracticeSwift.app; sourceTree = BUILT_PRODUCTS_DIR; };
		034139A31EA885F9009CA4D3 /* AppDelegate.swift */ = {isa = PBXFileReference; lastKnownFileType = sourcecode.swift; path = AppDelegate.swift; sourceTree = "<group>"; };
		034139A51EA885F9009CA4D3 /* ViewController.swift */ = {isa = PBXFileReference; lastKnownFileType = sourcecode.swift; path = ViewController.swift; sourceTree = "<group>"; };
		034139A81EA885F9009CA4D3 /* Base */ = {isa = PBXFileReference; lastKnownFileType = file.storyboard; name = Base; path = Base.lproj/Main.storyboard; sourceTree = "<group>"; };
		034139AA1EA885F9009CA4D3 /* Assets.xcassets */ = {isa = PBXFileReference; lastKnownFileType = folder.assetcatalog; path = Assets.xcassets; sourceTree = "<group>"; };
		034139AD1EA885F9009CA4D3 /* Base */ = {isa = PBXFileReference; lastKnownFileType = file.storyboard; name = Base; path = Base.lproj/LaunchScreen.storyboard; sourceTree = "<group>"; };
		034139AF1EA885F9009CA4D3 /* Info.plist */ = {isa = PBXFileReference; lastKnownFileType = text.plist.xml; path = Info.plist; sourceTree = "<group>"; };
		034139B41EA885F9009CA4D3 /* PracticeSwiftTests.xctest */ = {isa = PBXFileReference; explicitFileType = wrapper.cfbundle; includeInIndex = 0; path = PracticeSwiftTests.xctest; sourceTree = BUILT_PRODUCTS_DIR; };
		034139B81EA885F9009CA4D3 /* PracticeSwiftTests.swift */ = {isa = PBXFileReference; lastKnownFileType = sourcecode.swift; path = PracticeSwiftTests.swift; sourceTree = "<group>"; };
		034139BA1EA885F9009CA4D3 /* Info.plist */ = {isa = PBXFileReference; lastKnownFileType = text.plist.xml; path = Info.plist; sourceTree = "<group>"; };
		034139BF1EA885F9009CA4D3 /* PracticeSwiftUITests.xctest */ = {isa = PBXFileReference; explicitFileType = wrapper.cfbundle; includeInIndex = 0; path = PracticeSwiftUITests.xctest; sourceTree = BUILT_PRODUCTS_DIR; };
		034139C31EA885F9009CA4D3 /* PracticeSwiftUITests.swift */ = {isa = PBXFileReference; lastKnownFileType = sourcecode.swift; path = PracticeSwiftUITests.swift; sourceTree = "<group>"; };
		034139C51EA885F9009CA4D3 /* Info.plist */ = {isa = PBXFileReference; lastKnownFileType = text.plist.xml; path = Info.plist; sourceTree = "<group>"; };
/* End PBXFileReference section */

/* Begin PBXFrameworksBuildPhase section */
		0341399D1EA885F9009CA4D3 /* Frameworks */ = {
			isa = PBXFrameworksBuildPhase;
			buildActionMask = 2147483647;
			files = (
			);
			runOnlyForDeploymentPostprocessing = 0;
		};
		034139B11EA885F9009CA4D3 /* Frameworks */ = {
			isa = PBXFrameworksBuildPhase;
			buildActionMask = 2147483647;
			files = (
			);
			runOnlyForDeploymentPostprocessing = 0;
		};
		034139BC1EA885F9009CA4D3 /* Frameworks */ = {
			isa = PBXFrameworksBuildPhase;
			buildActionMask = 2147483647;
			files = (
			);
			runOnlyForDeploymentPostprocessing = 0;
		};
/* End PBXFrameworksBuildPhase section */

/* Begin PBXGroup section */
		034139971EA885F9009CA4D3 = {
			isa = PBXGroup;
			children = (
				034139A21EA885F9009CA4D3 /* PracticeSwift */,
				034139B71EA885F9009CA4D3 /* PracticeSwiftTests */,
				034139C21EA885F9009CA4D3 /* PracticeSwiftUITests */,
				034139A11EA885F9009CA4D3 /* Products */,
			);
			sourceTree = "<group>";
		};
		034139A11EA885F9009CA4D3 /* Products */ = {
			isa = PBXGroup;
			children = (
				034139A01EA885F9009CA4D3 /* PracticeSwift.app */,
				034139B41EA885F9009CA4D3 /* PracticeSwiftTests.xctest */,
				034139BF1EA885F9009CA4D3 /* PracticeSwiftUITests.xctest */,
			);
			name = Products;
			sourceTree = "<group>";
		};
		034139A21EA885F9009CA4D3 /* PracticeSwift */ = {
			isa = PBXGroup;
			children = (
				034139A31EA885F9009CA4D3 /* AppDelegate.swift */,
				034139A51EA885F9009CA4D3 /* ViewController.swift */,
				034139A71EA885F9009CA4D3 /* Main.storyboard */,
				034139AA1EA885F9009CA4D3 /* Assets.xcassets */,
				034139AC1EA885F9009CA4D3 /* LaunchScreen.storyboard */,
				034139AF1EA885F9009CA4D3 /* Info.plist */,
			);
			path = PracticeSwift;
			sourceTree = "<group>";
		};
		034139B71EA885F9009CA4D3 /* PracticeSwiftTests */ = {
			isa = PBXGroup;
			children = (
				034139B81EA885F9009CA4D3 /* PracticeSwiftTests.swift */,
				034139BA1EA885F9009CA4D3 /* Info.plist */,
			);
			path = PracticeSwiftTests;
			sourceTree = "<group>";
		};
		034139C21EA885F9009CA4D3 /* PracticeSwiftUITests */ = {
			isa = PBXGroup;
			children = (
				034139C31EA885F9009CA4D3 /* PracticeSwiftUITests.swift */,
				034139C51EA885F9009CA4D3 /* Info.plist */,
			);
			path = PracticeSwiftUITests;
			sourceTree = "<group>";
		};
/* End PBXGroup section */

/* Begin PBXNativeTarget section */
		0341399F1EA885F9009CA4D3 /* PracticeSwift */ = {
			isa = PBXNativeTarget;
			buildConfigurationList = 034139C81EA885F9009CA4D3 /* Build configuration list for PBXNativeTarget "PracticeSwift" */;
			buildPhases = (
				0341399C1EA885F9009CA4D3 /* Sources */,
				0341399D1EA885F9009CA4D3 /* Frameworks */,
				0341399E1EA885F9009CA4D3 /* Resources */,
			);
			buildRules = (
			);
			dependencies = (
			);
			name = PracticeSwift;
			productName = PracticeSwift;
			productReference = 034139A01EA885F9009CA4D3 /* PracticeSwift.app */;
			productType = "com.apple.product-type.application";
		};
		034139B31EA885F9009CA4D3 /* PracticeSwiftTests */ = {
			isa = PBXNativeTarget;
			buildConfigurationList = 034139CB1EA885F9009CA4D3 /* Build configuration list for PBXNativeTarget "PracticeSwiftTests" */;
			buildPhases = (
				034139B01EA885F9009CA4D3 /* Sources */,
				034139B11EA885F9009CA4D3 /* Frameworks */,
				034139B21EA885F9009CA4D3 /* Resources */,
			);
			buildRules = (
			);
			dependencies = (
				034139B61EA885F9009CA4D3 /* PBXTargetDependency */,
			);
			name = PracticeSwiftTests;
			productName = PracticeSwiftTests;
			productReference = 034139B41EA885F9009CA4D3 /* PracticeSwiftTests.xctest */;
			productType = "com.apple.product-type.bundle.unit-test";
		};
		034139BE1EA885F9009CA4D3 /* PracticeSwiftUITests */ = {
			isa = PBXNativeTarget;
			buildConfigurationList = 034139CE1EA885F9009CA4D3 /* Build configuration list for PBXNativeTarget "PracticeSwiftUITests" */;
			buildPhases = (
				034139BB1EA885F9009CA4D3 /* Sources */,
				034139BC1EA885F9009CA4D3 /* Frameworks */,
				034139BD1EA885F9009CA4D3 /* Resources */,
			);
			buildRules = (
			);
			dependencies = (
				034139C11EA885F9009CA4D3 /* PBXTargetDependency */,
			);
			name = PracticeSwiftUITests;
			productName = PracticeSwiftUITests;
			productReference = 034139BF1EA885F9009CA4D3 /* PracticeSwiftUITests.xctest */;
			productType = "com.apple.product-type.bundle.ui-testing";
		};
/* End PBXNativeTarget section */

/* Begin PBXProject section */
		034139981EA885F9009CA4D3 /* Project object */ = {
			isa = PBXProject;
			attributes = {
				LastSwiftUpdateCheck = 0830;
				LastUpgradeCheck = 0830;
				ORGANIZATIONNAME = "谁动了我的wifi";
				TargetAttributes = {
					0341399F1EA885F9009CA4D3 = {
						CreatedOnToolsVersion = 8.3.2;
						ProvisioningStyle = Automatic;
					};
					034139B31EA885F9009CA4D3 = {
						CreatedOnToolsVersion = 8.3.2;
						ProvisioningStyle = Automatic;
						TestTargetID = 0341399F1EA885F9009CA4D3;
					};
					034139BE1EA885F9009CA4D3 = {
						CreatedOnToolsVersion = 8.3.2;
						ProvisioningStyle = Automatic;
						TestTargetID = 0341399F1EA885F9009CA4D3;
					};
				};
			};
			buildConfigurationList = 0341399B1EA885F9009CA4D3 /* Build configuration list for PBXProject "PracticeSwift" */;
			compatibilityVersion = "Xcode 3.2";
			developmentRegion = English;
			hasScannedForEncodings = 0;
			knownRegions = (
				en,
				Base,
			);
			mainGroup = 034139971EA885F9009CA4D3;
			productRefGroup = 034139A11EA885F9009CA4D3 /* Products */;
			projectDirPath = "";
			projectRoot = "";
			targets = (
				0341399F1EA885F9009CA4D3 /* PracticeSwift */,
				034139B31EA885F9009CA4D3 /* PracticeSwiftTests */,
				034139BE1EA885F9009CA4D3 /* PracticeSwiftUITests */,
			);
		};
/* End PBXProject section */

/* Begin PBXResourcesBuildPhase section */
		0341399E1EA885F9009CA4D3 /* Resources */ = {
			isa = PBXResourcesBuildPhase;
			buildActionMask = 2147483647;
			files = (
				034139AE1EA885F9009CA4D3 /* LaunchScreen.storyboard in Resources */,
				034139AB1EA885F9009CA4D3 /* Assets.xcassets in Resources */,
				034139A91EA885F9009CA4D3 /* Main.storyboard in Resources */,
			);
			runOnlyForDeploymentPostprocessing = 0;
		};
		034139B21EA885F9009CA4D3 /* Resources */ = {
			isa = PBXResourcesBuildPhase;
			buildActionMask = 2147483647;
			files = (
			);
			runOnlyForDeploymentPostprocessing = 0;
		};
		034139BD1EA885F9009CA4D3 /* Resources */ = {
			isa = PBXResourcesBuildPhase;
			buildActionMask = 2147483647;
			files = (
			);
			runOnlyForDeploymentPostprocessing = 0;
		};
/* End PBXResourcesBuildPhase section */

/* Begin PBXSourcesBuildPhase section */
		0341399C1EA885F9009CA4D3 /* Sources */ = {
			isa = PBXSourcesBuildPhase;
			buildActionMask = 2147483647;
			files = (
				034139A61EA885F9009CA4D3 /* ViewController.swift in Sources */,
				034139A41EA885F9009CA4D3 /* AppDelegate.swift in Sources */,
			);
			runOnlyForDeploymentPostprocessing = 0;
		};
		034139B01EA885F9009CA4D3 /* Sources */ = {
			isa = PBXSourcesBuildPhase;
			buildActionMask = 2147483647;
			files = (
				034139B91EA885F9009CA4D3 /* PracticeSwiftTests.swift in Sources */,
			);
			runOnlyForDeploymentPostprocessing = 0;
		};
		034139BB1EA885F9009CA4D3 /* Sources */ = {
			isa = PBXSourcesBuildPhase;
			buildActionMask = 2147483647;
			files = (
				034139C41EA885F9009CA4D3 /* PracticeSwiftUITests.swift in Sources */,
			);
			runOnlyForDeploymentPostprocessing = 0;
		};
/* End PBXSourcesBuildPhase section */

/* Begin PBXTargetDependency section */
		034139B61EA885F9009CA4D3 /* PBXTargetDependency */ = {
			isa = PBXTargetDependency;
			target = 0341399F1EA885F9009CA4D3 /* PracticeSwift */;
			targetProxy = 034139B51EA885F9009CA4D3 /* PBXContainerItemProxy */;
		};
		034139C11EA885F9009CA4D3 /* PBXTargetDependency */ = {
			isa = PBXTargetDependency;
			target = 0341399F1EA885F9009CA4D3 /* PracticeSwift */;
			targetProxy = 034139C01EA885F9009CA4D3 /* PBXContainerItemProxy */;
		};
/* End PBXTargetDependency section */

/* Begin PBXVariantGroup section */
		034139A71EA885F9009CA4D3 /* Main.storyboard */ = {
			isa = PBXVariantGroup;
			children = (
				034139A81EA885F9009CA4D3 /* Base */,
			);
			name = Main.storyboard;
			sourceTree = "<group>";
		};
		034139AC1EA885F9009CA4D3 /* LaunchScreen.storyboard */ = {
			isa = PBXVariantGroup;
			children = (
				034139AD1EA885F9009CA4D3 /* Base */,
			);
			name = LaunchScreen.storyboard;
			sourceTree = "<group>";
		};
/* End PBXVariantGroup section */

/* Begin XCBuildConfiguration section */
		034139C61EA885F9009CA4D3 /* Debug */ = {
			isa = XCBuildConfiguration;
			buildSettings = {
				ALWAYS_SEARCH_USER_PATHS = NO;
				CLANG_ANALYZER_NONNULL = YES;
				CLANG_ANALYZER_NUMBER_OBJECT_CONVERSION = YES_AGGRESSIVE;
				CLANG_CXX_LANGUAGE_STANDARD = "gnu++0x";
				CLANG_CXX_LIBRARY = "libc++";
				CLANG_ENABLE_MODULES = YES;
				CLANG_ENABLE_OBJC_ARC = YES;
				CLANG_WARN_BOOL_CONVERSION = YES;
				CLANG_WARN_CONSTANT_CONVERSION = YES;
				CLANG_WARN_DIRECT_OBJC_ISA_USAGE = YES_ERROR;
				CLANG_WARN_DOCUMENTATION_COMMENTS = YES;
				CLANG_WARN_EMPTY_BODY = YES;
				CLANG_WARN_ENUM_CONVERSION = YES;
				CLANG_WARN_INFINITE_RECURSION = YES;
				CLANG_WARN_INT_CONVERSION = YES;
				CLANG_WARN_OBJC_ROOT_CLASS = YES_ERROR;
				CLANG_WARN_SUSPICIOUS_MOVE = YES;
				CLANG_WARN_UNREACHABLE_CODE = YES;
				CLANG_WARN__DUPLICATE_METHOD_MATCH = YES;
				"CODE_SIGN_IDENTITY[sdk=iphoneos*]" = "iPhone Developer";
				COPY_PHASE_STRIP = NO;
				DEBUG_INFORMATION_FORMAT = dwarf;
				ENABLE_STRICT_OBJC_MSGSEND = YES;
				ENABLE_TESTABILITY = YES;
				GCC_C_LANGUAGE_STANDARD = gnu99;
				GCC_DYNAMIC_NO_PIC = NO;
				GCC_NO_COMMON_BLOCKS = YES;
				GCC_OPTIMIZATION_LEVEL = 0;
				GCC_PREPROCESSOR_DEFINITIONS = (
					"DEBUG=1",
					"$(inherited)",
				);
				GCC_WARN_64_TO_32_BIT_CONVERSION = YES;
				GCC_WARN_ABOUT_RETURN_TYPE = YES_ERROR;
				GCC_WARN_UNDECLARED_SELECTOR = YES;
				GCC_WARN_UNINITIALIZED_AUTOS = YES_AGGRESSIVE;
				GCC_WARN_UNUSED_FUNCTION = YES;
				GCC_WARN_UNUSED_VARIABLE = YES;
				IPHONEOS_DEPLOYMENT_TARGET = 10.3;
				MTL_ENABLE_DEBUG_INFO = YES;
				ONLY_ACTIVE_ARCH = YES;
				SDKROOT = iphoneos;
				SWIFT_ACTIVE_COMPILATION_CONDITIONS = DEBUG;
				SWIFT_OPTIMIZATION_LEVEL = "-Onone";
			};
			name = Debug;
		};
		034139C71EA885F9009CA4D3 /* Release */ = {
			isa = XCBuildConfiguration;
			buildSettings = {
				ALWAYS_SEARCH_USER_PATHS = NO;
				CLANG_ANALYZER_NONNULL = YES;
				CLANG_ANALYZER_NUMBER_OBJECT_CONVERSION = YES_AGGRESSIVE;
				CLANG_CXX_LANGUAGE_STANDARD = "gnu++0x";
				CLANG_CXX_LIBRARY = "libc++";
				CLANG_ENABLE_MODULES = YES;
				CLANG_ENABLE_OBJC_ARC = YES;
				CLANG_WARN_BOOL_CONVERSION = YES;
				CLANG_WARN_CONSTANT_CONVERSION = YES;
				CLANG_WARN_DIRECT_OBJC_ISA_USAGE = YES_ERROR;
				CLANG_WARN_DOCUMENTATION_COMMENTS = YES;
				CLANG_WARN_EMPTY_BODY = YES;
				CLANG_WARN_ENUM_CONVERSION = YES;
				CLANG_WARN_INFINITE_RECURSION = YES;
				CLANG_WARN_INT_CONVERSION = YES;
				CLANG_WARN_OBJC_ROOT_CLASS = YES_ERROR;
				CLANG_WARN_SUSPICIOUS_MOVE = YES;
				CLANG_WARN_UNREACHABLE_CODE = YES;
				CLANG_WARN__DUPLICATE_METHOD_MATCH = YES;
				"CODE_SIGN_IDENTITY[sdk=iphoneos*]" = "iPhone Developer";
				COPY_PHASE_STRIP = NO;
				DEBUG_INFORMATION_FORMAT = "dwarf-with-dsym";
				ENABLE_NS_ASSERTIONS = NO;
				ENABLE_STRICT_OBJC_MSGSEND = YES;
				GCC_C_LANGUAGE_STANDARD = gnu99;
				GCC_NO_COMMON_BLOCKS = YES;
				GCC_WARN_64_TO_32_BIT_CONVERSION = YES;
				GCC_WARN_ABOUT_RETURN_TYPE = YES_ERROR;
				GCC_WARN_UNDECLARED_SELECTOR = YES;
				GCC_WARN_UNINITIALIZED_AUTOS = YES_AGGRESSIVE;
				GCC_WARN_UNUSED_FUNCTION = YES;
				GCC_WARN_UNUSED_VARIABLE = YES;
				IPHONEOS_DEPLOYMENT_TARGET = 10.3;
				MTL_ENABLE_DEBUG_INFO = NO;
				SDKROOT = iphoneos;
				SWIFT_OPTIMIZATION_LEVEL = "-Owholemodule";
				VALIDATE_PRODUCT = YES;
			};
			name = Release;
		};
		034139C91EA885F9009CA4D3 /* Debug */ = {
			isa = XCBuildConfiguration;
			buildSettings = {
				ASSETCATALOG_COMPILER_APPICON_NAME = AppIcon;
				INFOPLIST_FILE = PracticeSwift/Info.plist;
				LD_RUNPATH_SEARCH_PATHS = "$(inherited) @executable_path/Frameworks";
				PRODUCT_BUNDLE_IDENTIFIER = com.personal.PracticeSwift;
				PRODUCT_NAME = "$(TARGET_NAME)";
				SWIFT_VERSION = 3.0;
			};
			name = Debug;
		};
		034139CA1EA885F9009CA4D3 /* Release */ = {
			isa = XCBuildConfiguration;
			buildSettings = {
				ASSETCATALOG_COMPILER_APPICON_NAME = AppIcon;
				INFOPLIST_FILE = PracticeSwift/Info.plist;
				LD_RUNPATH_SEARCH_PATHS = "$(inherited) @executable_path/Frameworks";
				PRODUCT_BUNDLE_IDENTIFIER = com.personal.PracticeSwift;
				PRODUCT_NAME = "$(TARGET_NAME)";
				SWIFT_VERSION = 3.0;
			};
			name = Release;
		};
		034139CC1EA885F9009CA4D3 /* Debug */ = {
			isa = XCBuildConfiguration;
			buildSettings = {
				ALWAYS_EMBED_SWIFT_STANDARD_LIBRARIES = YES;
				BUNDLE_LOADER = "$(TEST_HOST)";
				INFOPLIST_FILE = PracticeSwiftTests/Info.plist;
				LD_RUNPATH_SEARCH_PATHS = "$(inherited) @executable_path/Frameworks @loader_path/Frameworks";
				PRODUCT_BUNDLE_IDENTIFIER = com.personal.PracticeSwiftTests;
				PRODUCT_NAME = "$(TARGET_NAME)";
				SWIFT_VERSION = 3.0;
				TEST_HOST = "$(BUILT_PRODUCTS_DIR)/PracticeSwift.app/PracticeSwift";
			};
			name = Debug;
		};
		034139CD1EA885F9009CA4D3 /* Release */ = {
			isa = XCBuildConfiguration;
			buildSettings = {
				ALWAYS_EMBED_SWIFT_STANDARD_LIBRARIES = YES;
				BUNDLE_LOADER = "$(TEST_HOST)";
				INFOPLIST_FILE = PracticeSwiftTests/Info.plist;
				LD_RUNPATH_SEARCH_PATHS = "$(inherited) @executable_path/Frameworks @loader_path/Frameworks";
				PRODUCT_BUNDLE_IDENTIFIER = com.personal.PracticeSwiftTests;
				PRODUCT_NAME = "$(TARGET_NAME)";
				SWIFT_VERSION = 3.0;
				TEST_HOST = "$(BUILT_PRODUCTS_DIR)/PracticeSwift.app/PracticeSwift";
			};
			name = Release;
		};
		034139CF1EA885F9009CA4D3 /* Debug */ = {
			isa = XCBuildConfiguration;
			buildSettings = {
				ALWAYS_EMBED_SWIFT_STANDARD_LIBRARIES = YES;
				INFOPLIST_FILE = PracticeSwiftUITests/Info.plist;
				LD_RUNPATH_SEARCH_PATHS = "$(inherited) @executable_path/Frameworks @loader_path/Frameworks";
				PRODUCT_BUNDLE_IDENTIFIER = com.personal.PracticeSwiftUITests;
				PRODUCT_NAME = "$(TARGET_NAME)";
				SWIFT_VERSION = 3.0;
				TEST_TARGET_NAME = PracticeSwift;
			};
			name = Debug;
		};
		034139D01EA885F9009CA4D3 /* Release */ = {
			isa = XCBuildConfiguration;
			buildSettings = {
				ALWAYS_EMBED_SWIFT_STANDARD_LIBRARIES = YES;
				INFOPLIST_FILE = PracticeSwiftUITests/Info.plist;
				LD_RUNPATH_SEARCH_PATHS = "$(inherited) @executable_path/Frameworks @loader_path/Frameworks";
				PRODUCT_BUNDLE_IDENTIFIER = com.personal.PracticeSwiftUITests;
				PRODUCT_NAME = "$(TARGET_NAME)";
				SWIFT_VERSION = 3.0;
				TEST_TARGET_NAME = PracticeSwift;
			};
			name = Release;
		};
/* End XCBuildConfiguration section */

/* Begin XCConfigurationList section */
		0341399B1EA885F9009CA4D3 /* Build configuration list for PBXProject "PracticeSwift" */ = {
			isa = XCConfigurationList;
			buildConfigurations = (
				034139C61EA885F9009CA4D3 /* Debug */,
				034139C71EA885F9009CA4D3 /* Release */,
			);
			defaultConfigurationIsVisible = 0;
			defaultConfigurationName = Release;
		};
		034139C81EA885F9009CA4D3 /* Build configuration list for PBXNativeTarget "PracticeSwift" */ = {
			isa = XCConfigurationList;
			buildConfigurations = (
				034139C91EA885F9009CA4D3 /* Debug */,
				034139CA1EA885F9009CA4D3 /* Release */,
			);
			defaultConfigurationIsVisible = 0;
		};
		034139CB1EA885F9009CA4D3 /* Build configuration list for PBXNativeTarget "PracticeSwiftTests" */ = {
			isa = XCConfigurationList;
			buildConfigurations = (
				034139CC1EA885F9009CA4D3 /* Debug */,
				034139CD1EA885F9009CA4D3 /* Release */,
			);
			defaultConfigurationIsVisible = 0;
		};
		034139CE1EA885F9009CA4D3 /* Build configuration list for PBXNativeTarget "PracticeSwiftUITests" */ = {
			isa = XCConfigurationList;
			buildConfigurations = (
				034139CF1EA885F9009CA4D3 /* Debug */,
				034139D01EA885F9009CA4D3 /* Release */,
			);
			defaultConfigurationIsVisible = 0;
		};
/* End XCConfigurationList section */
	};
	rootObject = 034139981EA885F9009CA4D3 /* Project object */;
}
